// !$*UTF8*$!
{
	archiveVersion = 1;
	classes = {
	};
	objectVersion = 50;
	objects = {

/* Begin PBXBuildFile section */
		4541A285229195B400EA0C88 /* STMusicPlayer.swift in Sources */ = {isa = PBXBuildFile; fileRef = 4541A284229195B400EA0C88 /* STMusicPlayer.swift */; };
		4541A28722919E5000EA0C88 /* STAudioPlayerManager.swift in Sources */ = {isa = PBXBuildFile; fileRef = 4541A28622919E5000EA0C88 /* STAudioPlayerManager.swift */; };
		45CA8687225A3BD300D591CB /* AppDelegate.swift in Sources */ = {isa = PBXBuildFile; fileRef = 45CA8686225A3BD300D591CB /* AppDelegate.swift */; };
		45CA8689225A3BD300D591CB /* ViewController.swift in Sources */ = {isa = PBXBuildFile; fileRef = 45CA8688225A3BD300D591CB /* ViewController.swift */; };
		45CA868C225A3BD300D591CB /* Main.storyboard in Resources */ = {isa = PBXBuildFile; fileRef = 45CA868A225A3BD300D591CB /* Main.storyboard */; };
		45CA868E225A3BE000D591CB /* Assets.xcassets in Resources */ = {isa = PBXBuildFile; fileRef = 45CA868D225A3BE000D591CB /* Assets.xcassets */; };
		45CA8691225A3BE000D591CB /* LaunchScreen.storyboard in Resources */ = {isa = PBXBuildFile; fileRef = 45CA868F225A3BE000D591CB /* LaunchScreen.storyboard */; };
		45CA869C225A3BE000D591CB /* STDemo_iPhoneTests.swift in Sources */ = {isa = PBXBuildFile; fileRef = 45CA869B225A3BE000D591CB /* STDemo_iPhoneTests.swift */; };
		45CA86A7225A3BE000D591CB /* STDemo_iPhoneUITests.swift in Sources */ = {isa = PBXBuildFile; fileRef = 45CA86A6225A3BE000D591CB /* STDemo_iPhoneUITests.swift */; };
		45CA86B9225B080B00D591CB /* STAudioPlayer.swift in Sources */ = {isa = PBXBuildFile; fileRef = 45CA86B8225B080B00D591CB /* STAudioPlayer.swift */; };
		45CA86BB225CACDC00D591CB /* STAudioFilePlayer.swift in Sources */ = {isa = PBXBuildFile; fileRef = 45CA86BA225CACDC00D591CB /* STAudioFilePlayer.swift */; };
/* End PBXBuildFile section */

/* Begin PBXContainerItemProxy section */
		45CA8698225A3BE000D591CB /* PBXContainerItemProxy */ = {
			isa = PBXContainerItemProxy;
			containerPortal = 45CA867B225A3BD300D591CB /* Project object */;
			proxyType = 1;
			remoteGlobalIDString = 45CA8682225A3BD300D591CB;
			remoteInfo = "STDemo-iPhone";
		};
		45CA86A3225A3BE000D591CB /* PBXContainerItemProxy */ = {
			isa = PBXContainerItemProxy;
			containerPortal = 45CA867B225A3BD300D591CB /* Project object */;
			proxyType = 1;
			remoteGlobalIDString = 45CA8682225A3BD300D591CB;
			remoteInfo = "STDemo-iPhone";
		};
/* End PBXContainerItemProxy section */

/* Begin PBXFileReference section */
		4541A284229195B400EA0C88 /* STMusicPlayer.swift */ = {isa = PBXFileReference; lastKnownFileType = sourcecode.swift; path = STMusicPlayer.swift; sourceTree = "<group>"; };
		4541A28622919E5000EA0C88 /* STAudioPlayerManager.swift */ = {isa = PBXFileReference; lastKnownFileType = sourcecode.swift; path = STAudioPlayerManager.swift; sourceTree = "<group>"; };
		45CA8683225A3BD300D591CB /* STDemo-iPhone.app */ = {isa = PBXFileReference; explicitFileType = wrapper.application; includeInIndex = 0; path = "STDemo-iPhone.app"; sourceTree = BUILT_PRODUCTS_DIR; };
		45CA8686225A3BD300D591CB /* AppDelegate.swift */ = {isa = PBXFileReference; lastKnownFileType = sourcecode.swift; path = AppDelegate.swift; sourceTree = "<group>"; };
		45CA8688225A3BD300D591CB /* ViewController.swift */ = {isa = PBXFileReference; lastKnownFileType = sourcecode.swift; path = ViewController.swift; sourceTree = "<group>"; };
		45CA868B225A3BD300D591CB /* Base */ = {isa = PBXFileReference; lastKnownFileType = file.storyboard; name = Base; path = Base.lproj/Main.storyboard; sourceTree = "<group>"; };
		45CA868D225A3BE000D591CB /* Assets.xcassets */ = {isa = PBXFileReference; lastKnownFileType = folder.assetcatalog; path = Assets.xcassets; sourceTree = "<group>"; };
		45CA8690225A3BE000D591CB /* Base */ = {isa = PBXFileReference; lastKnownFileType = file.storyboard; name = Base; path = Base.lproj/LaunchScreen.storyboard; sourceTree = "<group>"; };
		45CA8692225A3BE000D591CB /* Info.plist */ = {isa = PBXFileReference; lastKnownFileType = text.plist.xml; path = Info.plist; sourceTree = "<group>"; };
		45CA8697225A3BE000D591CB /* STDemo-iPhoneTests.xctest */ = {isa = PBXFileReference; explicitFileType = wrapper.cfbundle; includeInIndex = 0; path = "STDemo-iPhoneTests.xctest"; sourceTree = BUILT_PRODUCTS_DIR; };
		45CA869B225A3BE000D591CB /* STDemo_iPhoneTests.swift */ = {isa = PBXFileReference; lastKnownFileType = sourcecode.swift; path = STDemo_iPhoneTests.swift; sourceTree = "<group>"; };
		45CA869D225A3BE000D591CB /* Info.plist */ = {isa = PBXFileReference; lastKnownFileType = text.plist.xml; path = Info.plist; sourceTree = "<group>"; };
		45CA86A2225A3BE000D591CB /* STDemo-iPhoneUITests.xctest */ = {isa = PBXFileReference; explicitFileType = wrapper.cfbundle; includeInIndex = 0; path = "STDemo-iPhoneUITests.xctest"; sourceTree = BUILT_PRODUCTS_DIR; };
		45CA86A6225A3BE000D591CB /* STDemo_iPhoneUITests.swift */ = {isa = PBXFileReference; lastKnownFileType = sourcecode.swift; path = STDemo_iPhoneUITests.swift; sourceTree = "<group>"; };
		45CA86A8225A3BE000D591CB /* Info.plist */ = {isa = PBXFileReference; lastKnownFileType = text.plist.xml; path = Info.plist; sourceTree = "<group>"; };
		45CA86B8225B080B00D591CB /* STAudioPlayer.swift */ = {isa = PBXFileReference; lastKnownFileType = sourcecode.swift; path = STAudioPlayer.swift; sourceTree = "<group>"; };
		45CA86BA225CACDC00D591CB /* STAudioFilePlayer.swift */ = {isa = PBXFileReference; lastKnownFileType = sourcecode.swift; path = STAudioFilePlayer.swift; sourceTree = "<group>"; };
/* End PBXFileReference section */

/* Begin PBXFrameworksBuildPhase section */
		45CA8680225A3BD300D591CB /* Frameworks */ = {
			isa = PBXFrameworksBuildPhase;
			buildActionMask = 2147483647;
			files = (
			);
			runOnlyForDeploymentPostprocessing = 0;
		};
		45CA8694225A3BE000D591CB /* Frameworks */ = {
			isa = PBXFrameworksBuildPhase;
			buildActionMask = 2147483647;
			files = (
			);
			runOnlyForDeploymentPostprocessing = 0;
		};
		45CA869F225A3BE000D591CB /* Frameworks */ = {
			isa = PBXFrameworksBuildPhase;
			buildActionMask = 2147483647;
			files = (
			);
			runOnlyForDeploymentPostprocessing = 0;
		};
/* End PBXFrameworksBuildPhase section */

/* Begin PBXGroup section */
		45CA867A225A3BD300D591CB = {
			isa = PBXGroup;
			children = (
				45CA86B4225B07F500D591CB /* STLibrary */,
				45CA8685225A3BD300D591CB /* STDemo-iPhone */,
				45CA869A225A3BE000D591CB /* STDemo-iPhoneTests */,
				45CA86A5225A3BE000D591CB /* STDemo-iPhoneUITests */,
				45CA8684225A3BD300D591CB /* Products */,
			);
			sourceTree = "<group>";
		};
		45CA8684225A3BD300D591CB /* Products */ = {
			isa = PBXGroup;
			children = (
				45CA8683225A3BD300D591CB /* STDemo-iPhone.app */,
				45CA8697225A3BE000D591CB /* STDemo-iPhoneTests.xctest */,
				45CA86A2225A3BE000D591CB /* STDemo-iPhoneUITests.xctest */,
			);
			name = Products;
			sourceTree = "<group>";
		};
		45CA8685225A3BD300D591CB /* STDemo-iPhone */ = {
			isa = PBXGroup;
			children = (
				45CA8686225A3BD300D591CB /* AppDelegate.swift */,
				45CA8688225A3BD300D591CB /* ViewController.swift */,
				45CA868A225A3BD300D591CB /* Main.storyboard */,
				45CA868D225A3BE000D591CB /* Assets.xcassets */,
				45CA868F225A3BE000D591CB /* LaunchScreen.storyboard */,
				45CA8692225A3BE000D591CB /* Info.plist */,
			);
			path = "STDemo-iPhone";
			sourceTree = "<group>";
		};
		45CA869A225A3BE000D591CB /* STDemo-iPhoneTests */ = {
			isa = PBXGroup;
			children = (
				45CA869B225A3BE000D591CB /* STDemo_iPhoneTests.swift */,
				45CA869D225A3BE000D591CB /* Info.plist */,
			);
			path = "STDemo-iPhoneTests";
			sourceTree = "<group>";
		};
		45CA86A5225A3BE000D591CB /* STDemo-iPhoneUITests */ = {
			isa = PBXGroup;
			children = (
				45CA86A6225A3BE000D591CB /* STDemo_iPhoneUITests.swift */,
				45CA86A8225A3BE000D591CB /* Info.plist */,
			);
			path = "STDemo-iPhoneUITests";
			sourceTree = "<group>";
		};
		45CA86B4225B07F500D591CB /* STLibrary */ = {
			isa = PBXGroup;
			children = (
				45CA86B5225B07F500D591CB /* STFoundation */,
				45CA86B6225B07F500D591CB /* STModel */,
				45CA86B7225B07F500D591CB /* STModule */,
			);
			path = STLibrary;
			sourceTree = "<group>";
		};
		45CA86B5225B07F500D591CB /* STFoundation */ = {
			isa = PBXGroup;
			children = (
			);
			path = STFoundation;
			sourceTree = "<group>";
		};
		45CA86B6225B07F500D591CB /* STModel */ = {
			isa = PBXGroup;
			children = (
				45CA86B8225B080B00D591CB /* STAudioPlayer.swift */,
				45CA86BA225CACDC00D591CB /* STAudioFilePlayer.swift */,
				4541A284229195B400EA0C88 /* STMusicPlayer.swift */,
				4541A28622919E5000EA0C88 /* STAudioPlayerManager.swift */,
			);
			path = STModel;
			sourceTree = "<group>";
		};
		45CA86B7225B07F500D591CB /* STModule */ = {
			isa = PBXGroup;
			children = (
			);
			path = STModule;
			sourceTree = "<group>";
		};
/* End PBXGroup section */

/* Begin PBXNativeTarget section */
		45CA8682225A3BD300D591CB /* STDemo-iPhone */ = {
			isa = PBXNativeTarget;
			buildConfigurationList = 45CA86AB225A3BE000D591CB /* Build configuration list for PBXNativeTarget "STDemo-iPhone" */;
			buildPhases = (
				45CA867F225A3BD300D591CB /* Sources */,
				45CA8680225A3BD300D591CB /* Frameworks */,
				45CA8681225A3BD300D591CB /* Resources */,
			);
			buildRules = (
			);
			dependencies = (
			);
			name = "STDemo-iPhone";
			productName = "STDemo-iPhone";
			productReference = 45CA8683225A3BD300D591CB /* STDemo-iPhone.app */;
			productType = "com.apple.product-type.application";
		};
		45CA8696225A3BE000D591CB /* STDemo-iPhoneTests */ = {
			isa = PBXNativeTarget;
			buildConfigurationList = 45CA86AE225A3BE000D591CB /* Build configuration list for PBXNativeTarget "STDemo-iPhoneTests" */;
			buildPhases = (
				45CA8693225A3BE000D591CB /* Sources */,
				45CA8694225A3BE000D591CB /* Frameworks */,
				45CA8695225A3BE000D591CB /* Resources */,
			);
			buildRules = (
			);
			dependencies = (
				45CA8699225A3BE000D591CB /* PBXTargetDependency */,
			);
			name = "STDemo-iPhoneTests";
			productName = "STDemo-iPhoneTests";
			productReference = 45CA8697225A3BE000D591CB /* STDemo-iPhoneTests.xctest */;
			productType = "com.apple.product-type.bundle.unit-test";
		};
		45CA86A1225A3BE000D591CB /* STDemo-iPhoneUITests */ = {
			isa = PBXNativeTarget;
			buildConfigurationList = 45CA86B1225A3BE000D591CB /* Build configuration list for PBXNativeTarget "STDemo-iPhoneUITests" */;
			buildPhases = (
				45CA869E225A3BE000D591CB /* Sources */,
				45CA869F225A3BE000D591CB /* Frameworks */,
				45CA86A0225A3BE000D591CB /* Resources */,
			);
			buildRules = (
			);
			dependencies = (
				45CA86A4225A3BE000D591CB /* PBXTargetDependency */,
			);
			name = "STDemo-iPhoneUITests";
			productName = "STDemo-iPhoneUITests";
			productReference = 45CA86A2225A3BE000D591CB /* STDemo-iPhoneUITests.xctest */;
			productType = "com.apple.product-type.bundle.ui-testing";
		};
/* End PBXNativeTarget section */

/* Begin PBXProject section */
		45CA867B225A3BD300D591CB /* Project object */ = {
			isa = PBXProject;
			attributes = {
				LastSwiftUpdateCheck = 1010;
				LastUpgradeCheck = 1010;
				ORGANIZATIONNAME = shuilin;
				TargetAttributes = {
					45CA8682225A3BD300D591CB = {
						CreatedOnToolsVersion = 10.1;
					};
					45CA8696225A3BE000D591CB = {
						CreatedOnToolsVersion = 10.1;
						TestTargetID = 45CA8682225A3BD300D591CB;
					};
					45CA86A1225A3BE000D591CB = {
						CreatedOnToolsVersion = 10.1;
						TestTargetID = 45CA8682225A3BD300D591CB;
					};
				};
			};
			buildConfigurationList = 45CA867E225A3BD300D591CB /* Build configuration list for PBXProject "STDemo-iPhone" */;
			compatibilityVersion = "Xcode 9.3";
			developmentRegion = en;
			hasScannedForEncodings = 0;
			knownRegions = (
				en,
				Base,
			);
			mainGroup = 45CA867A225A3BD300D591CB;
			productRefGroup = 45CA8684225A3BD300D591CB /* Products */;
			projectDirPath = "";
			projectRoot = "";
			targets = (
				45CA8682225A3BD300D591CB /* STDemo-iPhone */,
				45CA8696225A3BE000D591CB /* STDemo-iPhoneTests */,
				45CA86A1225A3BE000D591CB /* STDemo-iPhoneUITests */,
			);
		};
/* End PBXProject section */

/* Begin PBXResourcesBuildPhase section */
		45CA8681225A3BD300D591CB /* Resources */ = {
			isa = PBXResourcesBuildPhase;
			buildActionMask = 2147483647;
			files = (
				45CA8691225A3BE000D591CB /* LaunchScreen.storyboard in Resources */,
				45CA868E225A3BE000D591CB /* Assets.xcassets in Resources */,
				45CA868C225A3BD300D591CB /* Main.storyboard in Resources */,
			);
			runOnlyForDeploymentPostprocessing = 0;
		};
		45CA8695225A3BE000D591CB /* Resources */ = {
			isa = PBXResourcesBuildPhase;
			buildActionMask = 2147483647;
			files = (
			);
			runOnlyForDeploymentPostprocessing = 0;
		};
		45CA86A0225A3BE000D591CB /* Resources */ = {
			isa = PBXResourcesBuildPhase;
			buildActionMask = 2147483647;
			files = (
			);
			runOnlyForDeploymentPostprocessing = 0;
		};
/* End PBXResourcesBuildPhase section */

/* Begin PBXSourcesBuildPhase section */
		45CA867F225A3BD300D591CB /* Sources */ = {
			isa = PBXSourcesBuildPhase;
			buildActionMask = 2147483647;
			files = (
				4541A28722919E5000EA0C88 /* STAudioPlayerManager.swift in Sources */,
				45CA86BB225CACDC00D591CB /* STAudioFilePlayer.swift in Sources */,
				4541A285229195B400EA0C88 /* STMusicPlayer.swift in Sources */,
				45CA86B9225B080B00D591CB /* STAudioPlayer.swift in Sources */,
				45CA8689225A3BD300D591CB /* ViewController.swift in Sources */,
				45CA8687225A3BD300D591CB /* AppDelegate.swift in Sources */,
			);
			runOnlyForDeploymentPostprocessing = 0;
		};
		45CA8693225A3BE000D591CB /* Sources */ = {
			isa = PBXSourcesBuildPhase;
			buildActionMask = 2147483647;
			files = (
				45CA869C225A3BE000D591CB /* STDemo_iPhoneTests.swift in Sources */,
			);
			runOnlyForDeploymentPostprocessing = 0;
		};
		45CA869E225A3BE000D591CB /* Sources */ = {
			isa = PBXSourcesBuildPhase;
			buildActionMask = 2147483647;
			files = (
				45CA86A7225A3BE000D591CB /* STDemo_iPhoneUITests.swift in Sources */,
			);
			runOnlyForDeploymentPostprocessing = 0;
		};
/* End PBXSourcesBuildPhase section */

/* Begin PBXTargetDependency section */
		45CA8699225A3BE000D591CB /* PBXTargetDependency */ = {
			isa = PBXTargetDependency;
			target = 45CA8682225A3BD300D591CB /* STDemo-iPhone */;
			targetProxy = 45CA8698225A3BE000D591CB /* PBXContainerItemProxy */;
		};
		45CA86A4225A3BE000D591CB /* PBXTargetDependency */ = {
			isa = PBXTargetDependency;
			target = 45CA8682225A3BD300D591CB /* STDemo-iPhone */;
			targetProxy = 45CA86A3225A3BE000D591CB /* PBXContainerItemProxy */;
		};
/* End PBXTargetDependency section */

/* Begin PBXVariantGroup section */
		45CA868A225A3BD300D591CB /* Main.storyboard */ = {
			isa = PBXVariantGroup;
			children = (
				45CA868B225A3BD300D591CB /* Base */,
			);
			name = Main.storyboard;
			sourceTree = "<group>";
		};
		45CA868F225A3BE000D591CB /* LaunchScreen.storyboard */ = {
			isa = PBXVariantGroup;
			children = (
				45CA8690225A3BE000D591CB /* Base */,
			);
			name = LaunchScreen.storyboard;
			sourceTree = "<group>";
		};
/* End PBXVariantGroup section */

/* Begin XCBuildConfiguration section */
		45CA86A9225A3BE000D591CB /* Debug */ = {
			isa = XCBuildConfiguration;
			buildSettings = {
				ALWAYS_SEARCH_USER_PATHS = NO;
				CLANG_ANALYZER_NONNULL = YES;
				CLANG_ANALYZER_NUMBER_OBJECT_CONVERSION = YES_AGGRESSIVE;
				CLANG_CXX_LANGUAGE_STANDARD = "gnu++14";
				CLANG_CXX_LIBRARY = "libc++";
				CLANG_ENABLE_MODULES = YES;
				CLANG_ENABLE_OBJC_ARC = YES;
				CLANG_ENABLE_OBJC_WEAK = YES;
				CLANG_WARN_BLOCK_CAPTURE_AUTORELEASING = YES;
				CLANG_WARN_BOOL_CONVERSION = YES;
				CLANG_WARN_COMMA = YES;
				CLANG_WARN_CONSTANT_CONVERSION = YES;
				CLANG_WARN_DEPRECATED_OBJC_IMPLEMENTATIONS = YES;
				CLANG_WARN_DIRECT_OBJC_ISA_USAGE = YES_ERROR;
				CLANG_WARN_DOCUMENTATION_COMMENTS = YES;
				CLANG_WARN_EMPTY_BODY = YES;
				CLANG_WARN_ENUM_CONVERSION = YES;
				CLANG_WARN_INFINITE_RECURSION = YES;
				CLANG_WARN_INT_CONVERSION = YES;
				CLANG_WARN_NON_LITERAL_NULL_CONVERSION = YES;
				CLANG_WARN_OBJC_IMPLICIT_RETAIN_SELF = YES;
				CLANG_WARN_OBJC_LITERAL_CONVERSION = YES;
				CLANG_WARN_OBJC_ROOT_CLASS = YES_ERROR;
				CLANG_WARN_RANGE_LOOP_ANALYSIS = YES;
				CLANG_WARN_STRICT_PROTOTYPES = YES;
				CLANG_WARN_SUSPICIOUS_MOVE = YES;
				CLANG_WARN_UNGUARDED_AVAILABILITY = YES_AGGRESSIVE;
				CLANG_WARN_UNREACHABLE_CODE = YES;
				CLANG_WARN__DUPLICATE_METHOD_MATCH = YES;
				CODE_SIGN_IDENTITY = "iPhone Developer";
				COPY_PHASE_STRIP = NO;
				DEBUG_INFORMATION_FORMAT = dwarf;
				ENABLE_STRICT_OBJC_MSGSEND = YES;
				ENABLE_TESTABILITY = YES;
				GCC_C_LANGUAGE_STANDARD = gnu11;
				GCC_DYNAMIC_NO_PIC = NO;
				GCC_NO_COMMON_BLOCKS = YES;
				GCC_OPTIMIZATION_LEVEL = 0;
				GCC_PREPROCESSOR_DEFINITIONS = (
					"DEBUG=1",
					"$(inherited)",
				);
				GCC_WARN_64_TO_32_BIT_CONVERSION = YES;
				GCC_WARN_ABOUT_RETURN_TYPE = YES_ERROR;
				GCC_WARN_UNDECLARED_SELECTOR = YES;
				GCC_WARN_UNINITIALIZED_AUTOS = YES_AGGRESSIVE;
				GCC_WARN_UNUSED_FUNCTION = YES;
				GCC_WARN_UNUSED_VARIABLE = YES;
				IPHONEOS_DEPLOYMENT_TARGET = 12.1;
				MTL_ENABLE_DEBUG_INFO = INCLUDE_SOURCE;
				MTL_FAST_MATH = YES;
				ONLY_ACTIVE_ARCH = YES;
				SDKROOT = iphoneos;
				SWIFT_ACTIVE_COMPILATION_CONDITIONS = DEBUG;
				SWIFT_OPTIMIZATION_LEVEL = "-Onone";
			};
			name = Debug;
		};
		45CA86AA225A3BE000D591CB /* Release */ = {
			isa = XCBuildConfiguration;
			buildSettings = {
				ALWAYS_SEARCH_USER_PATHS = NO;
				CLANG_ANALYZER_NONNULL = YES;
				CLANG_ANALYZER_NUMBER_OBJECT_CONVERSION = YES_AGGRESSIVE;
				CLANG_CXX_LANGUAGE_STANDARD = "gnu++14";
				CLANG_CXX_LIBRARY = "libc++";
				CLANG_ENABLE_MODULES = YES;
				CLANG_ENABLE_OBJC_ARC = YES;
				CLANG_ENABLE_OBJC_WEAK = YES;
				CLANG_WARN_BLOCK_CAPTURE_AUTORELEASING = YES;
				CLANG_WARN_BOOL_CONVERSION = YES;
				CLANG_WARN_COMMA = YES;
				CLANG_WARN_CONSTANT_CONVERSION = YES;
				CLANG_WARN_DEPRECATED_OBJC_IMPLEMENTATIONS = YES;
				CLANG_WARN_DIRECT_OBJC_ISA_USAGE = YES_ERROR;
				CLANG_WARN_DOCUMENTATION_COMMENTS = YES;
				CLANG_WARN_EMPTY_BODY = YES;
				CLANG_WARN_ENUM_CONVERSION = YES;
				CLANG_WARN_INFINITE_RECURSION = YES;
				CLANG_WARN_INT_CONVERSION = YES;
				CLANG_WARN_NON_LITERAL_NULL_CONVERSION = YES;
				CLANG_WARN_OBJC_IMPLICIT_RETAIN_SELF = YES;
				CLANG_WARN_OBJC_LITERAL_CONVERSION = YES;
				CLANG_WARN_OBJC_ROOT_CLASS = YES_ERROR;
				CLANG_WARN_RANGE_LOOP_ANALYSIS = YES;
				CLANG_WARN_STRICT_PROTOTYPES = YES;
				CLANG_WARN_SUSPICIOUS_MOVE = YES;
				CLANG_WARN_UNGUARDED_AVAILABILITY = YES_AGGRESSIVE;
				CLANG_WARN_UNREACHABLE_CODE = YES;
				CLANG_WARN__DUPLICATE_METHOD_MATCH = YES;
				CODE_SIGN_IDENTITY = "iPhone Developer";
				COPY_PHASE_STRIP = NO;
				DEBUG_INFORMATION_FORMAT = "dwarf-with-dsym";
				ENABLE_NS_ASSERTIONS = NO;
				ENABLE_STRICT_OBJC_MSGSEND = YES;
				GCC_C_LANGUAGE_STANDARD = gnu11;
				GCC_NO_COMMON_BLOCKS = YES;
				GCC_WARN_64_TO_32_BIT_CONVERSION = YES;
				GCC_WARN_ABOUT_RETURN_TYPE = YES_ERROR;
				GCC_WARN_UNDECLARED_SELECTOR = YES;
				GCC_WARN_UNINITIALIZED_AUTOS = YES_AGGRESSIVE;
				GCC_WARN_UNUSED_FUNCTION = YES;
				GCC_WARN_UNUSED_VARIABLE = YES;
				IPHONEOS_DEPLOYMENT_TARGET = 12.1;
				MTL_ENABLE_DEBUG_INFO = NO;
				MTL_FAST_MATH = YES;
				SDKROOT = iphoneos;
				SWIFT_COMPILATION_MODE = wholemodule;
				SWIFT_OPTIMIZATION_LEVEL = "-O";
				VALIDATE_PRODUCT = YES;
			};
			name = Release;
		};
		45CA86AC225A3BE000D591CB /* Debug */ = {
			isa = XCBuildConfiguration;
			buildSettings = {
				ASSETCATALOG_COMPILER_APPICON_NAME = AppIcon;
				CODE_SIGN_STYLE = Automatic;
				INFOPLIST_FILE = "STDemo-iPhone/Info.plist";
				LD_RUNPATH_SEARCH_PATHS = (
					"$(inherited)",
					"@executable_path/Frameworks",
				);
				PRODUCT_BUNDLE_IDENTIFIER = "shuilin.STDemo-iPhone";
				PRODUCT_NAME = "$(TARGET_NAME)";
				SWIFT_VERSION = 4.2;
				TARGETED_DEVICE_FAMILY = "1,2";
			};
			name = Debug;
		};
		45CA86AD225A3BE000D591CB /* Release */ = {
			isa = XCBuildConfiguration;
			buildSettings = {
				ASSETCATALOG_COMPILER_APPICON_NAME = AppIcon;
				CODE_SIGN_STYLE = Automatic;
				INFOPLIST_FILE = "STDemo-iPhone/Info.plist";
				LD_RUNPATH_SEARCH_PATHS = (
					"$(inherited)",
					"@executable_path/Frameworks",
				);
				PRODUCT_BUNDLE_IDENTIFIER = "shuilin.STDemo-iPhone";
				PRODUCT_NAME = "$(TARGET_NAME)";
				SWIFT_VERSION = 4.2;
				TARGETED_DEVICE_FAMILY = "1,2";
			};
			name = Release;
		};
		45CA86AF225A3BE000D591CB /* Debug */ = {
			isa = XCBuildConfiguration;
			buildSettings = {
				ALWAYS_EMBED_SWIFT_STANDARD_LIBRARIES = YES;
				BUNDLE_LOADER = "$(TEST_HOST)";
				CODE_SIGN_STYLE = Automatic;
				INFOPLIST_FILE = "STDemo-iPhoneTests/Info.plist";
				LD_RUNPATH_SEARCH_PATHS = (
					"$(inherited)",
					"@executable_path/Frameworks",
					"@loader_path/Frameworks",
				);
				PRODUCT_BUNDLE_IDENTIFIER = "shuilin.STDemo-iPhoneTests";
				PRODUCT_NAME = "$(TARGET_NAME)";
				SWIFT_VERSION = 4.2;
				TARGETED_DEVICE_FAMILY = "1,2";
				TEST_HOST = "$(BUILT_PRODUCTS_DIR)/STDemo-iPhone.app/STDemo-iPhone";
			};
			name = Debug;
		};
		45CA86B0225A3BE000D591CB /* Release */ = {
			isa = XCBuildConfiguration;
			buildSettings = {
				ALWAYS_EMBED_SWIFT_STANDARD_LIBRARIES = YES;
				BUNDLE_LOADER = "$(TEST_HOST)";
				CODE_SIGN_STYLE = Automatic;
				INFOPLIST_FILE = "STDemo-iPhoneTests/Info.plist";
				LD_RUNPATH_SEARCH_PATHS = (
					"$(inherited)",
					"@executable_path/Frameworks",
					"@loader_path/Frameworks",
				);
				PRODUCT_BUNDLE_IDENTIFIER = "shuilin.STDemo-iPhoneTests";
				PRODUCT_NAME = "$(TARGET_NAME)";
				SWIFT_VERSION = 4.2;
				TARGETED_DEVICE_FAMILY = "1,2";
				TEST_HOST = "$(BUILT_PRODUCTS_DIR)/STDemo-iPhone.app/STDemo-iPhone";
			};
			name = Release;
		};
		45CA86B2225A3BE000D591CB /* Debug */ = {
			isa = XCBuildConfiguration;
			buildSettings = {
				ALWAYS_EMBED_SWIFT_STANDARD_LIBRARIES = YES;
				CODE_SIGN_STYLE = Automatic;
				INFOPLIST_FILE = "STDemo-iPhoneUITests/Info.plist";
				LD_RUNPATH_SEARCH_PATHS = (
					"$(inherited)",
					"@executable_path/Frameworks",
					"@loader_path/Frameworks",
				);
				PRODUCT_BUNDLE_IDENTIFIER = "shuilin.STDemo-iPhoneUITests";
				PRODUCT_NAME = "$(TARGET_NAME)";
				SWIFT_VERSION = 4.2;
				TARGETED_DEVICE_FAMILY = "1,2";
				TEST_TARGET_NAME = "STDemo-iPhone";
			};
			name = Debug;
		};
		45CA86B3225A3BE000D591CB /* Release */ = {
			isa = XCBuildConfiguration;
			buildSettings = {
				ALWAYS_EMBED_SWIFT_STANDARD_LIBRARIES = YES;
				CODE_SIGN_STYLE = Automatic;
				INFOPLIST_FILE = "STDemo-iPhoneUITests/Info.plist";
				LD_RUNPATH_SEARCH_PATHS = (
					"$(inherited)",
					"@executable_path/Frameworks",
					"@loader_path/Frameworks",
				);
				PRODUCT_BUNDLE_IDENTIFIER = "shuilin.STDemo-iPhoneUITests";
				PRODUCT_NAME = "$(TARGET_NAME)";
				SWIFT_VERSION = 4.2;
				TARGETED_DEVICE_FAMILY = "1,2";
				TEST_TARGET_NAME = "STDemo-iPhone";
			};
			name = Release;
		};
/* End XCBuildConfiguration section */

/* Begin XCConfigurationList section */
		45CA867E225A3BD300D591CB /* Build configuration list for PBXProject "STDemo-iPhone" */ = {
			isa = XCConfigurationList;
			buildConfigurations = (
				45CA86A9225A3BE000D591CB /* Debug */,
				45CA86AA225A3BE000D591CB /* Release */,
			);
			defaultConfigurationIsVisible = 0;
			defaultConfigurationName = Release;
		};
		45CA86AB225A3BE000D591CB /* Build configuration list for PBXNativeTarget "STDemo-iPhone" */ = {
			isa = XCConfigurationList;
			buildConfigurations = (
				45CA86AC225A3BE000D591CB /* Debug */,
				45CA86AD225A3BE000D591CB /* Release */,
			);
			defaultConfigurationIsVisible = 0;
			defaultConfigurationName = Release;
		};
		45CA86AE225A3BE000D591CB /* Build configuration list for PBXNativeTarget "STDemo-iPhoneTests" */ = {
			isa = XCConfigurationList;
			buildConfigurations = (
				45CA86AF225A3BE000D591CB /* Debug */,
				45CA86B0225A3BE000D591CB /* Release */,
			);
			defaultConfigurationIsVisible = 0;
			defaultConfigurationName = Release;
		};
		45CA86B1225A3BE000D591CB /* Build configuration list for PBXNativeTarget "STDemo-iPhoneUITests" */ = {
			isa = XCConfigurationList;
			buildConfigurations = (
				45CA86B2225A3BE000D591CB /* Debug */,
				45CA86B3225A3BE000D591CB /* Release */,
			);
			defaultConfigurationIsVisible = 0;
			defaultConfigurationName = Release;
		};
/* End XCConfigurationList section */
	};
	rootObject = 45CA867B225A3BD300D591CB /* Project object */;
}
